// !$*UTF8*$!
{
	archiveVersion = 1;
	classes = {
	};
	objectVersion = 56;
	objects = {

/* Begin PBXBuildFile section */
		1D3795EC2918C6F40056E602 /* threecardsApp.swift in Sources */ = {isa = PBXBuildFile; fileRef = 1D3795EB2918C6F40056E602 /* threecardsApp.swift */; };
		1D3795EE2918C6F40056E602 /* MainView.swift in Sources */ = {isa = PBXBuildFile; fileRef = 1D3795ED2918C6F40056E602 /* MainView.swift */; };
		1D3795F02918C6F50056E602 /* Assets.xcassets in Resources */ = {isa = PBXBuildFile; fileRef = 1D3795EF2918C6F50056E602 /* Assets.xcassets */; };
		1D3795F32918C6F50056E602 /* Preview Assets.xcassets in Resources */ = {isa = PBXBuildFile; fileRef = 1D3795F22918C6F50056E602 /* Preview Assets.xcassets */; };
		1D3795FD2918C6F50056E602 /* threecardsTests.swift in Sources */ = {isa = PBXBuildFile; fileRef = 1D3795FC2918C6F50056E602 /* threecardsTests.swift */; };
		1D3796072918C6F50056E602 /* threecardsUITests.swift in Sources */ = {isa = PBXBuildFile; fileRef = 1D3796062918C6F50056E602 /* threecardsUITests.swift */; };
		1D3796092918C6F50056E602 /* threecardsUITestsLaunchTests.swift in Sources */ = {isa = PBXBuildFile; fileRef = 1D3796082918C6F50056E602 /* threecardsUITestsLaunchTests.swift */; };
		1D37961D2918C97B0056E602 /* Domain.swift in Sources */ = {isa = PBXBuildFile; fileRef = 1D37961B2918C97B0056E602 /* Domain.swift */; };
		1D37961E2918C97B0056E602 /* DomainError.swift in Sources */ = {isa = PBXBuildFile; fileRef = 1D37961C2918C97B0056E602 /* DomainError.swift */; };
		1D3796222918CC040056E602 /* UseCase.swift in Sources */ = {isa = PBXBuildFile; fileRef = 1D3796202918CC040056E602 /* UseCase.swift */; };
		1D3796232918CC040056E602 /* UseCases.swift in Sources */ = {isa = PBXBuildFile; fileRef = 1D3796212918CC040056E602 /* UseCases.swift */; };
		1D3796252918CC210056E602 /* UseCaseContainer.swift in Sources */ = {isa = PBXBuildFile; fileRef = 1D3796242918CC210056E602 /* UseCaseContainer.swift */; };
		1D3796272918CC2A0056E602 /* UserAccountUseCase.swift in Sources */ = {isa = PBXBuildFile; fileRef = 1D3796262918CC2A0056E602 /* UserAccountUseCase.swift */; };
		1D37962C2918CD120056E602 /* AppStateController.swift in Sources */ = {isa = PBXBuildFile; fileRef = 1D37962A2918CD120056E602 /* AppStateController.swift */; };
		1D37962D2918CD120056E602 /* AppState.swift in Sources */ = {isa = PBXBuildFile; fileRef = 1D37962B2918CD120056E602 /* AppState.swift */; };
		1D3796312918CD770056E602 /* UserAccountState.swift in Sources */ = {isa = PBXBuildFile; fileRef = 1D3796302918CD770056E602 /* UserAccountState.swift */; };
		1D3796332918CD980056E602 /* UseCaseState.swift in Sources */ = {isa = PBXBuildFile; fileRef = 1D3796322918CD980056E602 /* UseCaseState.swift */; };
		1D3796352918CE340056E602 /* CardContainerView.swift in Sources */ = {isa = PBXBuildFile; fileRef = 1D3796342918CE340056E602 /* CardContainerView.swift */; };
		1D3796372918D2980056E602 /* MainViewModel.swift in Sources */ = {isa = PBXBuildFile; fileRef = 1D3796362918D2980056E602 /* MainViewModel.swift */; };
		1D37963A2918D2F50056E602 /* DependencyConformance.swift in Sources */ = {isa = PBXBuildFile; fileRef = 1D3796392918D2F50056E602 /* DependencyConformance.swift */; };
		1D37963C2918D3640056E602 /* String+Error.swift in Sources */ = {isa = PBXBuildFile; fileRef = 1D37963B2918D3640056E602 /* String+Error.swift */; };
		1D37963F2918D4790056E602 /* Launch Screen.storyboard in Resources */ = {isa = PBXBuildFile; fileRef = 1D37963E2918D4790056E602 /* Launch Screen.storyboard */; };
		1D3796442918D5FF0056E602 /* AlertOverlayManager.swift in Sources */ = {isa = PBXBuildFile; fileRef = 1D3796412918D5FF0056E602 /* AlertOverlayManager.swift */; };
		1D3796452918D5FF0056E602 /* AlertOverlay.swift in Sources */ = {isa = PBXBuildFile; fileRef = 1D3796422918D5FF0056E602 /* AlertOverlay.swift */; };
		1D3796462918D5FF0056E602 /* AlertState.swift in Sources */ = {isa = PBXBuildFile; fileRef = 1D3796432918D5FF0056E602 /* AlertState.swift */; };
		1D3796482918D6CA0056E602 /* UserInterfaceStandards.swift in Sources */ = {isa = PBXBuildFile; fileRef = 1D3796472918D6CA0056E602 /* UserInterfaceStandards.swift */; };
		1D37964B2918D6DA0056E602 /* Constants.swift in Sources */ = {isa = PBXBuildFile; fileRef = 1D37964A2918D6DA0056E602 /* Constants.swift */; };
		1D37965129199EFD0056E602 /* CardItem.swift in Sources */ = {isa = PBXBuildFile; fileRef = 1D37965029199EFD0056E602 /* CardItem.swift */; };
		1D3796552919A8110056E602 /* CardDefinable.swift in Sources */ = {isa = PBXBuildFile; fileRef = 1D3796542919A8110056E602 /* CardDefinable.swift */; };
		1D3796572919A8330056E602 /* Card1Model.swift in Sources */ = {isa = PBXBuildFile; fileRef = 1D3796562919A8330056E602 /* Card1Model.swift */; };
		1D3796592919A83A0056E602 /* Card2Model.swift in Sources */ = {isa = PBXBuildFile; fileRef = 1D3796582919A83A0056E602 /* Card2Model.swift */; };
		1D37965B2919A8410056E602 /* Card3Model.swift in Sources */ = {isa = PBXBuildFile; fileRef = 1D37965A2919A8410056E602 /* Card3Model.swift */; };
		1D37965D2919A88B0056E602 /* dateTests.swift in Sources */ = {isa = PBXBuildFile; fileRef = 1D37965C2919A88B0056E602 /* dateTests.swift */; };
		1D3796632919A9EF0056E602 /* Date+Extensions.swift in Sources */ = {isa = PBXBuildFile; fileRef = 1D3796622919A9EF0056E602 /* Date+Extensions.swift */; };
		1D3796652919BBD00056E602 /* CardExpirable.swift in Sources */ = {isa = PBXBuildFile; fileRef = 1D3796642919BBD00056E602 /* CardExpirable.swift */; };
		1D3796692919D29C0056E602 /* SafePublisher.swift in Sources */ = {isa = PBXBuildFile; fileRef = 1D3796682919D29C0056E602 /* SafePublisher.swift */; };
		1D37966C2919DED90056E602 /* Color+Extensions.swift in Sources */ = {isa = PBXBuildFile; fileRef = 1D37966B2919DED90056E602 /* Color+Extensions.swift */; };
		1D37966E2919E5DD0056E602 /* Card1View.swift in Sources */ = {isa = PBXBuildFile; fileRef = 1D37966D2919E5DD0056E602 /* Card1View.swift */; };
		1D3796702919E5E50056E602 /* Card2View.swift in Sources */ = {isa = PBXBuildFile; fileRef = 1D37966F2919E5E50056E602 /* Card2View.swift */; };
		1D3796722919E5EF0056E602 /* Card3View.swift in Sources */ = {isa = PBXBuildFile; fileRef = 1D3796712919E5EF0056E602 /* Card3View.swift */; };
		1D9360432919F4C200EF92B9 /* QRCodeView.swift in Sources */ = {isa = PBXBuildFile; fileRef = 1D9360422919F4C200EF92B9 /* QRCodeView.swift */; };
		1D9360452919FAAD00EF92B9 /* CardViewHeader.swift in Sources */ = {isa = PBXBuildFile; fileRef = 1D9360442919FAAD00EF92B9 /* CardViewHeader.swift */; };
/* End PBXBuildFile section */

/* Begin PBXContainerItemProxy section */
		1D3795F92918C6F50056E602 /* PBXContainerItemProxy */ = {
			isa = PBXContainerItemProxy;
			containerPortal = 1D3795E02918C6F40056E602 /* Project object */;
			proxyType = 1;
			remoteGlobalIDString = 1D3795E72918C6F40056E602;
			remoteInfo = threecards;
		};
		1D3796032918C6F50056E602 /* PBXContainerItemProxy */ = {
			isa = PBXContainerItemProxy;
			containerPortal = 1D3795E02918C6F40056E602 /* Project object */;
			proxyType = 1;
			remoteGlobalIDString = 1D3795E72918C6F40056E602;
			remoteInfo = threecards;
		};
/* End PBXContainerItemProxy section */

/* Begin PBXFileReference section */
		1D3795E82918C6F40056E602 /* threecards.app */ = {isa = PBXFileReference; explicitFileType = wrapper.application; includeInIndex = 0; path = threecards.app; sourceTree = BUILT_PRODUCTS_DIR; };
		1D3795EB2918C6F40056E602 /* threecardsApp.swift */ = {isa = PBXFileReference; lastKnownFileType = sourcecode.swift; path = threecardsApp.swift; sourceTree = "<group>"; };
		1D3795ED2918C6F40056E602 /* MainView.swift */ = {isa = PBXFileReference; lastKnownFileType = sourcecode.swift; path = MainView.swift; sourceTree = "<group>"; };
		1D3795EF2918C6F50056E602 /* Assets.xcassets */ = {isa = PBXFileReference; lastKnownFileType = folder.assetcatalog; path = Assets.xcassets; sourceTree = "<group>"; };
		1D3795F22918C6F50056E602 /* Preview Assets.xcassets */ = {isa = PBXFileReference; lastKnownFileType = folder.assetcatalog; path = "Preview Assets.xcassets"; sourceTree = "<group>"; };
		1D3795F82918C6F50056E602 /* threecardsTests.xctest */ = {isa = PBXFileReference; explicitFileType = wrapper.cfbundle; includeInIndex = 0; path = threecardsTests.xctest; sourceTree = BUILT_PRODUCTS_DIR; };
		1D3795FC2918C6F50056E602 /* threecardsTests.swift */ = {isa = PBXFileReference; lastKnownFileType = sourcecode.swift; path = threecardsTests.swift; sourceTree = "<group>"; };
		1D3796022918C6F50056E602 /* threecardsUITests.xctest */ = {isa = PBXFileReference; explicitFileType = wrapper.cfbundle; includeInIndex = 0; path = threecardsUITests.xctest; sourceTree = BUILT_PRODUCTS_DIR; };
		1D3796062918C6F50056E602 /* threecardsUITests.swift */ = {isa = PBXFileReference; lastKnownFileType = sourcecode.swift; path = threecardsUITests.swift; sourceTree = "<group>"; };
		1D3796082918C6F50056E602 /* threecardsUITestsLaunchTests.swift */ = {isa = PBXFileReference; lastKnownFileType = sourcecode.swift; path = threecardsUITestsLaunchTests.swift; sourceTree = "<group>"; };
		1D37961B2918C97B0056E602 /* Domain.swift */ = {isa = PBXFileReference; fileEncoding = 4; lastKnownFileType = sourcecode.swift; path = Domain.swift; sourceTree = "<group>"; };
		1D37961C2918C97B0056E602 /* DomainError.swift */ = {isa = PBXFileReference; fileEncoding = 4; lastKnownFileType = sourcecode.swift; path = DomainError.swift; sourceTree = "<group>"; };
		1D3796202918CC040056E602 /* UseCase.swift */ = {isa = PBXFileReference; fileEncoding = 4; lastKnownFileType = sourcecode.swift; path = UseCase.swift; sourceTree = "<group>"; };
		1D3796212918CC040056E602 /* UseCases.swift */ = {isa = PBXFileReference; fileEncoding = 4; lastKnownFileType = sourcecode.swift; path = UseCases.swift; sourceTree = "<group>"; };
		1D3796242918CC210056E602 /* UseCaseContainer.swift */ = {isa = PBXFileReference; fileEncoding = 4; lastKnownFileType = sourcecode.swift; path = UseCaseContainer.swift; sourceTree = "<group>"; };
		1D3796262918CC2A0056E602 /* UserAccountUseCase.swift */ = {isa = PBXFileReference; fileEncoding = 4; lastKnownFileType = sourcecode.swift; path = UserAccountUseCase.swift; sourceTree = "<group>"; };
		1D37962A2918CD120056E602 /* AppStateController.swift */ = {isa = PBXFileReference; fileEncoding = 4; lastKnownFileType = sourcecode.swift; path = AppStateController.swift; sourceTree = "<group>"; };
		1D37962B2918CD120056E602 /* AppState.swift */ = {isa = PBXFileReference; fileEncoding = 4; lastKnownFileType = sourcecode.swift; path = AppState.swift; sourceTree = "<group>"; };
		1D3796302918CD770056E602 /* UserAccountState.swift */ = {isa = PBXFileReference; fileEncoding = 4; lastKnownFileType = sourcecode.swift; path = UserAccountState.swift; sourceTree = "<group>"; };
		1D3796322918CD980056E602 /* UseCaseState.swift */ = {isa = PBXFileReference; fileEncoding = 4; lastKnownFileType = sourcecode.swift; path = UseCaseState.swift; sourceTree = "<group>"; };
		1D3796342918CE340056E602 /* CardContainerView.swift */ = {isa = PBXFileReference; lastKnownFileType = sourcecode.swift; path = CardContainerView.swift; sourceTree = "<group>"; };
		1D3796362918D2980056E602 /* MainViewModel.swift */ = {isa = PBXFileReference; lastKnownFileType = sourcecode.swift; path = MainViewModel.swift; sourceTree = "<group>"; };
		1D3796392918D2F50056E602 /* DependencyConformance.swift */ = {isa = PBXFileReference; lastKnownFileType = sourcecode.swift; path = DependencyConformance.swift; sourceTree = "<group>"; };
		1D37963B2918D3640056E602 /* String+Error.swift */ = {isa = PBXFileReference; lastKnownFileType = sourcecode.swift; path = "String+Error.swift"; sourceTree = "<group>"; };
		1D37963E2918D4790056E602 /* Launch Screen.storyboard */ = {isa = PBXFileReference; lastKnownFileType = file.storyboard; path = "Launch Screen.storyboard"; sourceTree = "<group>"; };
		1D3796412918D5FF0056E602 /* AlertOverlayManager.swift */ = {isa = PBXFileReference; fileEncoding = 4; lastKnownFileType = sourcecode.swift; path = AlertOverlayManager.swift; sourceTree = "<group>"; };
		1D3796422918D5FF0056E602 /* AlertOverlay.swift */ = {isa = PBXFileReference; fileEncoding = 4; lastKnownFileType = sourcecode.swift; path = AlertOverlay.swift; sourceTree = "<group>"; };
		1D3796432918D5FF0056E602 /* AlertState.swift */ = {isa = PBXFileReference; fileEncoding = 4; lastKnownFileType = sourcecode.swift; path = AlertState.swift; sourceTree = "<group>"; };
		1D3796472918D6CA0056E602 /* UserInterfaceStandards.swift */ = {isa = PBXFileReference; fileEncoding = 4; lastKnownFileType = sourcecode.swift; path = UserInterfaceStandards.swift; sourceTree = "<group>"; };
		1D37964A2918D6DA0056E602 /* Constants.swift */ = {isa = PBXFileReference; fileEncoding = 4; lastKnownFileType = sourcecode.swift; path = Constants.swift; sourceTree = "<group>"; };
		1D37965029199EFD0056E602 /* CardItem.swift */ = {isa = PBXFileReference; lastKnownFileType = sourcecode.swift; path = CardItem.swift; sourceTree = "<group>"; };
		1D3796542919A8110056E602 /* CardDefinable.swift */ = {isa = PBXFileReference; lastKnownFileType = sourcecode.swift; path = CardDefinable.swift; sourceTree = "<group>"; };
		1D3796562919A8330056E602 /* Card1Model.swift */ = {isa = PBXFileReference; lastKnownFileType = sourcecode.swift; path = Card1Model.swift; sourceTree = "<group>"; };
		1D3796582919A83A0056E602 /* Card2Model.swift */ = {isa = PBXFileReference; lastKnownFileType = sourcecode.swift; path = Card2Model.swift; sourceTree = "<group>"; };
		1D37965A2919A8410056E602 /* Card3Model.swift */ = {isa = PBXFileReference; lastKnownFileType = sourcecode.swift; path = Card3Model.swift; sourceTree = "<group>"; };
		1D37965C2919A88B0056E602 /* dateTests.swift */ = {isa = PBXFileReference; lastKnownFileType = sourcecode.swift; path = dateTests.swift; sourceTree = "<group>"; };
		1D3796622919A9EF0056E602 /* Date+Extensions.swift */ = {isa = PBXFileReference; lastKnownFileType = sourcecode.swift; path = "Date+Extensions.swift"; sourceTree = "<group>"; };
		1D3796642919BBD00056E602 /* CardExpirable.swift */ = {isa = PBXFileReference; lastKnownFileType = sourcecode.swift; path = CardExpirable.swift; sourceTree = "<group>"; };
		1D3796682919D29C0056E602 /* SafePublisher.swift */ = {isa = PBXFileReference; lastKnownFileType = sourcecode.swift; path = SafePublisher.swift; sourceTree = "<group>"; };
		1D37966B2919DED90056E602 /* Color+Extensions.swift */ = {isa = PBXFileReference; lastKnownFileType = sourcecode.swift; path = "Color+Extensions.swift"; sourceTree = "<group>"; };
		1D37966D2919E5DD0056E602 /* Card1View.swift */ = {isa = PBXFileReference; lastKnownFileType = sourcecode.swift; path = Card1View.swift; sourceTree = "<group>"; };
		1D37966F2919E5E50056E602 /* Card2View.swift */ = {isa = PBXFileReference; lastKnownFileType = sourcecode.swift; path = Card2View.swift; sourceTree = "<group>"; };
		1D3796712919E5EF0056E602 /* Card3View.swift */ = {isa = PBXFileReference; lastKnownFileType = sourcecode.swift; path = Card3View.swift; sourceTree = "<group>"; };
		1D9360422919F4C200EF92B9 /* QRCodeView.swift */ = {isa = PBXFileReference; lastKnownFileType = sourcecode.swift; path = QRCodeView.swift; sourceTree = "<group>"; };
		1D9360442919FAAD00EF92B9 /* CardViewHeader.swift */ = {isa = PBXFileReference; lastKnownFileType = sourcecode.swift; path = CardViewHeader.swift; sourceTree = "<group>"; };
/* End PBXFileReference section */

/* Begin PBXFrameworksBuildPhase section */
		1D3795E52918C6F40056E602 /* Frameworks */ = {
			isa = PBXFrameworksBuildPhase;
			buildActionMask = 2147483647;
			files = (
			);
			runOnlyForDeploymentPostprocessing = 0;
		};
		1D3795F52918C6F50056E602 /* Frameworks */ = {
			isa = PBXFrameworksBuildPhase;
			buildActionMask = 2147483647;
			files = (
			);
			runOnlyForDeploymentPostprocessing = 0;
		};
		1D3795FF2918C6F50056E602 /* Frameworks */ = {
			isa = PBXFrameworksBuildPhase;
			buildActionMask = 2147483647;
			files = (
			);
			runOnlyForDeploymentPostprocessing = 0;
		};
/* End PBXFrameworksBuildPhase section */

/* Begin PBXGroup section */
		1D3795DF2918C6F40056E602 = {
			isa = PBXGroup;
			children = (
				1D3795EA2918C6F40056E602 /* threecards */,
				1D3795FB2918C6F50056E602 /* threecardsTests */,
				1D3796052918C6F50056E602 /* threecardsUITests */,
				1D3795E92918C6F40056E602 /* Products */,
			);
			sourceTree = "<group>";
		};
		1D3795E92918C6F40056E602 /* Products */ = {
			isa = PBXGroup;
			children = (
				1D3795E82918C6F40056E602 /* threecards.app */,
				1D3795F82918C6F50056E602 /* threecardsTests.xctest */,
				1D3796022918C6F50056E602 /* threecardsUITests.xctest */,
			);
			name = Products;
			sourceTree = "<group>";
		};
		1D3795EA2918C6F40056E602 /* threecards */ = {
			isa = PBXGroup;
			children = (
				1D3796152918C7D20056E602 /* App */,
				1D3796172918C7ED0056E602 /* Domain */,
				1D3796162918C7DB0056E602 /* Presentation */,
				1D3796382918D2C50056E602 /* Utilities */,
				1D3795F12918C6F50056E602 /* Preview Content */,
			);
			path = threecards;
			sourceTree = "<group>";
		};
		1D3795F12918C6F50056E602 /* Preview Content */ = {
			isa = PBXGroup;
			children = (
				1D3795F22918C6F50056E602 /* Preview Assets.xcassets */,
			);
			path = "Preview Content";
			sourceTree = "<group>";
		};
		1D3795FB2918C6F50056E602 /* threecardsTests */ = {
			isa = PBXGroup;
			children = (
				1D3795FC2918C6F50056E602 /* threecardsTests.swift */,
				1D37965C2919A88B0056E602 /* dateTests.swift */,
			);
			path = threecardsTests;
			sourceTree = "<group>";
		};
		1D3796052918C6F50056E602 /* threecardsUITests */ = {
			isa = PBXGroup;
			children = (
				1D3796062918C6F50056E602 /* threecardsUITests.swift */,
				1D3796082918C6F50056E602 /* threecardsUITestsLaunchTests.swift */,
			);
			path = threecardsUITests;
			sourceTree = "<group>";
		};
		1D3796152918C7D20056E602 /* App */ = {
			isa = PBXGroup;
			children = (
				1D37963D2918D4690056E602 /* Assets */,
				1D3795EB2918C6F40056E602 /* threecardsApp.swift */,
			);
			path = App;
			sourceTree = "<group>";
		};
		1D3796162918C7DB0056E602 /* Presentation */ = {
			isa = PBXGroup;
			children = (
				1D37966A2919DE8F0056E602 /* Extension */,
				1D3796492918D6CE0056E602 /* Styling */,
				1D3796192918C8050056E602 /* SharedComponents */,
				1D3796182918C7FE0056E602 /* MainView */,
			);
			path = Presentation;
			sourceTree = "<group>";
		};
		1D3796172918C7ED0056E602 /* Domain */ = {
			isa = PBXGroup;
			children = (
				1D3796282918CCD00056E602 /* AppState */,
				1D37961F2918C9AE0056E602 /* UseCases */,
				1D37961B2918C97B0056E602 /* Domain.swift */,
				1D37961C2918C97B0056E602 /* DomainError.swift */,
			);
			path = Domain;
			sourceTree = "<group>";
		};
		1D3796182918C7FE0056E602 /* MainView */ = {
			isa = PBXGroup;
			children = (
				1D3795ED2918C6F40056E602 /* MainView.swift */,
				1D3796362918D2980056E602 /* MainViewModel.swift */,
				1D37961A2918C80E0056E602 /* Components */,
			);
			path = MainView;
			sourceTree = "<group>";
		};
		1D3796192918C8050056E602 /* SharedComponents */ = {
			isa = PBXGroup;
			children = (
				1D3796402918D5FF0056E602 /* Alerts */,
				1D9360422919F4C200EF92B9 /* QRCodeView.swift */,
			);
			path = SharedComponents;
			sourceTree = "<group>";
		};
		1D37961A2918C80E0056E602 /* Components */ = {
			isa = PBXGroup;
			children = (
				1D3796342918CE340056E602 /* CardContainerView.swift */,
				1D37966D2919E5DD0056E602 /* Card1View.swift */,
				1D37966F2919E5E50056E602 /* Card2View.swift */,
				1D3796712919E5EF0056E602 /* Card3View.swift */,
				1D9360442919FAAD00EF92B9 /* CardViewHeader.swift */,
			);
			path = Components;
			sourceTree = "<group>";
		};
		1D37961F2918C9AE0056E602 /* UseCases */ = {
			isa = PBXGroup;
			children = (
				1D3796202918CC040056E602 /* UseCase.swift */,
				1D3796212918CC040056E602 /* UseCases.swift */,
				1D3796242918CC210056E602 /* UseCaseContainer.swift */,
				1D3796262918CC2A0056E602 /* UserAccountUseCase.swift */,
			);
			path = UseCases;
			sourceTree = "<group>";
		};
		1D3796282918CCD00056E602 /* AppState */ = {
			isa = PBXGroup;
			children = (
				1D37962B2918CD120056E602 /* AppState.swift */,
				1D37962A2918CD120056E602 /* AppStateController.swift */,
				1D3796302918CD770056E602 /* UserAccountState.swift */,
				1D3796322918CD980056E602 /* UseCaseState.swift */,
				1D3796292918CCDA0056E602 /* Model */,
			);
			path = AppState;
			sourceTree = "<group>";
		};
		1D3796292918CCDA0056E602 /* Model */ = {
			isa = PBXGroup;
			children = (
				1D37965029199EFD0056E602 /* CardItem.swift */,
				1D3796542919A8110056E602 /* CardDefinable.swift */,
				1D3796642919BBD00056E602 /* CardExpirable.swift */,
				1D3796562919A8330056E602 /* Card1Model.swift */,
				1D3796582919A83A0056E602 /* Card2Model.swift */,
				1D37965A2919A8410056E602 /* Card3Model.swift */,
			);
			path = Model;
			sourceTree = "<group>";
		};
		1D3796382918D2C50056E602 /* Utilities */ = {
			isa = PBXGroup;
			children = (
				1D3796392918D2F50056E602 /* DependencyConformance.swift */,
				1D37963B2918D3640056E602 /* String+Error.swift */,
				1D3796622919A9EF0056E602 /* Date+Extensions.swift */,
				1D3796682919D29C0056E602 /* SafePublisher.swift */,
			);
			path = Utilities;
			sourceTree = "<group>";
		};
		1D37963D2918D4690056E602 /* Assets */ = {
			isa = PBXGroup;
			children = (
				1D3795EF2918C6F50056E602 /* Assets.xcassets */,
				1D37963E2918D4790056E602 /* Launch Screen.storyboard */,
			);
			path = Assets;
			sourceTree = "<group>";
		};
		1D3796402918D5FF0056E602 /* Alerts */ = {
			isa = PBXGroup;
			children = (
				1D3796412918D5FF0056E602 /* AlertOverlayManager.swift */,
				1D3796422918D5FF0056E602 /* AlertOverlay.swift */,
				1D3796432918D5FF0056E602 /* AlertState.swift */,
			);
			path = Alerts;
			sourceTree = "<group>";
		};
		1D3796492918D6CE0056E602 /* Styling */ = {
			isa = PBXGroup;
			children = (
				1D3796472918D6CA0056E602 /* UserInterfaceStandards.swift */,
				1D37964A2918D6DA0056E602 /* Constants.swift */,
			);
			path = Styling;
			sourceTree = "<group>";
		};
		1D37966A2919DE8F0056E602 /* Extension */ = {
			isa = PBXGroup;
			children = (
				1D37966B2919DED90056E602 /* Color+Extensions.swift */,
			);
			path = Extension;
			sourceTree = "<group>";
		};
/* End PBXGroup section */

/* Begin PBXNativeTarget section */
		1D3795E72918C6F40056E602 /* threecards */ = {
			isa = PBXNativeTarget;
			buildConfigurationList = 1D37960C2918C6F50056E602 /* Build configuration list for PBXNativeTarget "threecards" */;
			buildPhases = (
				1D3795E42918C6F40056E602 /* Sources */,
				1D3795E52918C6F40056E602 /* Frameworks */,
				1D3795E62918C6F40056E602 /* Resources */,
			);
			buildRules = (
			);
			dependencies = (
			);
			name = threecards;
			productName = threecards;
			productReference = 1D3795E82918C6F40056E602 /* threecards.app */;
			productType = "com.apple.product-type.application";
		};
		1D3795F72918C6F50056E602 /* threecardsTests */ = {
			isa = PBXNativeTarget;
			buildConfigurationList = 1D37960F2918C6F50056E602 /* Build configuration list for PBXNativeTarget "threecardsTests" */;
			buildPhases = (
				1D3795F42918C6F50056E602 /* Sources */,
				1D3795F52918C6F50056E602 /* Frameworks */,
				1D3795F62918C6F50056E602 /* Resources */,
			);
			buildRules = (
			);
			dependencies = (
				1D3795FA2918C6F50056E602 /* PBXTargetDependency */,
			);
			name = threecardsTests;
			productName = threecardsTests;
			productReference = 1D3795F82918C6F50056E602 /* threecardsTests.xctest */;
			productType = "com.apple.product-type.bundle.unit-test";
		};
		1D3796012918C6F50056E602 /* threecardsUITests */ = {
			isa = PBXNativeTarget;
			buildConfigurationList = 1D3796122918C6F50056E602 /* Build configuration list for PBXNativeTarget "threecardsUITests" */;
			buildPhases = (
				1D3795FE2918C6F50056E602 /* Sources */,
				1D3795FF2918C6F50056E602 /* Frameworks */,
				1D3796002918C6F50056E602 /* Resources */,
			);
			buildRules = (
			);
			dependencies = (
				1D3796042918C6F50056E602 /* PBXTargetDependency */,
			);
			name = threecardsUITests;
			productName = threecardsUITests;
			productReference = 1D3796022918C6F50056E602 /* threecardsUITests.xctest */;
			productType = "com.apple.product-type.bundle.ui-testing";
		};
/* End PBXNativeTarget section */

/* Begin PBXProject section */
		1D3795E02918C6F40056E602 /* Project object */ = {
			isa = PBXProject;
			attributes = {
				BuildIndependentTargetsInParallel = 1;
				LastSwiftUpdateCheck = 1400;
				LastUpgradeCheck = 1400;
				TargetAttributes = {
					1D3795E72918C6F40056E602 = {
						CreatedOnToolsVersion = 14.0;
					};
					1D3795F72918C6F50056E602 = {
						CreatedOnToolsVersion = 14.0;
						TestTargetID = 1D3795E72918C6F40056E602;
					};
					1D3796012918C6F50056E602 = {
						CreatedOnToolsVersion = 14.0;
						TestTargetID = 1D3795E72918C6F40056E602;
					};
				};
			};
			buildConfigurationList = 1D3795E32918C6F40056E602 /* Build configuration list for PBXProject "threecards" */;
			compatibilityVersion = "Xcode 14.0";
			developmentRegion = en;
			hasScannedForEncodings = 0;
			knownRegions = (
				en,
				Base,
			);
			mainGroup = 1D3795DF2918C6F40056E602;
			productRefGroup = 1D3795E92918C6F40056E602 /* Products */;
			projectDirPath = "";
			projectRoot = "";
			targets = (
				1D3795E72918C6F40056E602 /* threecards */,
				1D3795F72918C6F50056E602 /* threecardsTests */,
				1D3796012918C6F50056E602 /* threecardsUITests */,
			);
		};
/* End PBXProject section */

/* Begin PBXResourcesBuildPhase section */
		1D3795E62918C6F40056E602 /* Resources */ = {
			isa = PBXResourcesBuildPhase;
			buildActionMask = 2147483647;
			files = (
				1D37963F2918D4790056E602 /* Launch Screen.storyboard in Resources */,
				1D3795F32918C6F50056E602 /* Preview Assets.xcassets in Resources */,
				1D3795F02918C6F50056E602 /* Assets.xcassets in Resources */,
			);
			runOnlyForDeploymentPostprocessing = 0;
		};
		1D3795F62918C6F50056E602 /* Resources */ = {
			isa = PBXResourcesBuildPhase;
			buildActionMask = 2147483647;
			files = (
			);
			runOnlyForDeploymentPostprocessing = 0;
		};
		1D3796002918C6F50056E602 /* Resources */ = {
			isa = PBXResourcesBuildPhase;
			buildActionMask = 2147483647;
			files = (
			);
			runOnlyForDeploymentPostprocessing = 0;
		};
/* End PBXResourcesBuildPhase section */

/* Begin PBXSourcesBuildPhase section */
		1D3795E42918C6F40056E602 /* Sources */ = {
			isa = PBXSourcesBuildPhase;
			buildActionMask = 2147483647;
			files = (
				1D3796442918D5FF0056E602 /* AlertOverlayManager.swift in Sources */,
				1D3796272918CC2A0056E602 /* UserAccountUseCase.swift in Sources */,
				1D9360452919FAAD00EF92B9 /* CardViewHeader.swift in Sources */,
				1D3796252918CC210056E602 /* UseCaseContainer.swift in Sources */,
				1D3796452918D5FF0056E602 /* AlertOverlay.swift in Sources */,
				1D37963A2918D2F50056E602 /* DependencyConformance.swift in Sources */,
				1D3796222918CC040056E602 /* UseCase.swift in Sources */,
				1D3796332918CD980056E602 /* UseCaseState.swift in Sources */,
				1D3796232918CC040056E602 /* UseCases.swift in Sources */,
				1D37966C2919DED90056E602 /* Color+Extensions.swift in Sources */,
				1D37962C2918CD120056E602 /* AppStateController.swift in Sources */,
				1D3796692919D29C0056E602 /* SafePublisher.swift in Sources */,
				1D3796552919A8110056E602 /* CardDefinable.swift in Sources */,
				1D9360432919F4C200EF92B9 /* QRCodeView.swift in Sources */,
				1D3796652919BBD00056E602 /* CardExpirable.swift in Sources */,
				1D3795EE2918C6F40056E602 /* MainView.swift in Sources */,
				1D3796462918D5FF0056E602 /* AlertState.swift in Sources */,
				1D37964B2918D6DA0056E602 /* Constants.swift in Sources */,
				1D3796722919E5EF0056E602 /* Card3View.swift in Sources */,
				1D3796372918D2980056E602 /* MainViewModel.swift in Sources */,
				1D3796702919E5E50056E602 /* Card2View.swift in Sources */,
				1D37963C2918D3640056E602 /* String+Error.swift in Sources */,
				1D37965B2919A8410056E602 /* Card3Model.swift in Sources */,
				1D3796352918CE340056E602 /* CardContainerView.swift in Sources */,
				1D3796632919A9EF0056E602 /* Date+Extensions.swift in Sources */,
				1D37962D2918CD120056E602 /* AppState.swift in Sources */,
				1D37966E2919E5DD0056E602 /* Card1View.swift in Sources */,
				1D3796572919A8330056E602 /* Card1Model.swift in Sources */,
				1D37965129199EFD0056E602 /* CardItem.swift in Sources */,
				1D3796482918D6CA0056E602 /* UserInterfaceStandards.swift in Sources */,
				1D3796312918CD770056E602 /* UserAccountState.swift in Sources */,
				1D3795EC2918C6F40056E602 /* threecardsApp.swift in Sources */,
				1D3796592919A83A0056E602 /* Card2Model.swift in Sources */,
				1D37961E2918C97B0056E602 /* DomainError.swift in Sources */,
				1D37961D2918C97B0056E602 /* Domain.swift in Sources */,
			);
			runOnlyForDeploymentPostprocessing = 0;
		};
		1D3795F42918C6F50056E602 /* Sources */ = {
			isa = PBXSourcesBuildPhase;
			buildActionMask = 2147483647;
			files = (
				1D37965D2919A88B0056E602 /* dateTests.swift in Sources */,
				1D3795FD2918C6F50056E602 /* threecardsTests.swift in Sources */,
			);
			runOnlyForDeploymentPostprocessing = 0;
		};
		1D3795FE2918C6F50056E602 /* Sources */ = {
			isa = PBXSourcesBuildPhase;
			buildActionMask = 2147483647;
			files = (
				1D3796072918C6F50056E602 /* threecardsUITests.swift in Sources */,
				1D3796092918C6F50056E602 /* threecardsUITestsLaunchTests.swift in Sources */,
			);
			runOnlyForDeploymentPostprocessing = 0;
		};
/* End PBXSourcesBuildPhase section */

/* Begin PBXTargetDependency section */
		1D3795FA2918C6F50056E602 /* PBXTargetDependency */ = {
			isa = PBXTargetDependency;
			target = 1D3795E72918C6F40056E602 /* threecards */;
			targetProxy = 1D3795F92918C6F50056E602 /* PBXContainerItemProxy */;
		};
		1D3796042918C6F50056E602 /* PBXTargetDependency */ = {
			isa = PBXTargetDependency;
			target = 1D3795E72918C6F40056E602 /* threecards */;
			targetProxy = 1D3796032918C6F50056E602 /* PBXContainerItemProxy */;
		};
/* End PBXTargetDependency section */

/* Begin XCBuildConfiguration section */
		1D37960A2918C6F50056E602 /* Debug */ = {
			isa = XCBuildConfiguration;
			buildSettings = {
				ALWAYS_SEARCH_USER_PATHS = NO;
				CLANG_ANALYZER_NONNULL = YES;
				CLANG_ANALYZER_NUMBER_OBJECT_CONVERSION = YES_AGGRESSIVE;
				CLANG_CXX_LANGUAGE_STANDARD = "gnu++20";
				CLANG_ENABLE_MODULES = YES;
				CLANG_ENABLE_OBJC_ARC = YES;
				CLANG_ENABLE_OBJC_WEAK = YES;
				CLANG_WARN_BLOCK_CAPTURE_AUTORELEASING = YES;
				CLANG_WARN_BOOL_CONVERSION = YES;
				CLANG_WARN_COMMA = YES;
				CLANG_WARN_CONSTANT_CONVERSION = YES;
				CLANG_WARN_DEPRECATED_OBJC_IMPLEMENTATIONS = YES;
				CLANG_WARN_DIRECT_OBJC_ISA_USAGE = YES_ERROR;
				CLANG_WARN_DOCUMENTATION_COMMENTS = YES;
				CLANG_WARN_EMPTY_BODY = YES;
				CLANG_WARN_ENUM_CONVERSION = YES;
				CLANG_WARN_INFINITE_RECURSION = YES;
				CLANG_WARN_INT_CONVERSION = YES;
				CLANG_WARN_NON_LITERAL_NULL_CONVERSION = YES;
				CLANG_WARN_OBJC_IMPLICIT_RETAIN_SELF = YES;
				CLANG_WARN_OBJC_LITERAL_CONVERSION = YES;
				CLANG_WARN_OBJC_ROOT_CLASS = YES_ERROR;
				CLANG_WARN_QUOTED_INCLUDE_IN_FRAMEWORK_HEADER = YES;
				CLANG_WARN_RANGE_LOOP_ANALYSIS = YES;
				CLANG_WARN_STRICT_PROTOTYPES = YES;
				CLANG_WARN_SUSPICIOUS_MOVE = YES;
				CLANG_WARN_UNGUARDED_AVAILABILITY = YES_AGGRESSIVE;
				CLANG_WARN_UNREACHABLE_CODE = YES;
				CLANG_WARN__DUPLICATE_METHOD_MATCH = YES;
				COPY_PHASE_STRIP = NO;
				DEBUG_INFORMATION_FORMAT = dwarf;
				ENABLE_STRICT_OBJC_MSGSEND = YES;
				ENABLE_TESTABILITY = YES;
				GCC_C_LANGUAGE_STANDARD = gnu11;
				GCC_DYNAMIC_NO_PIC = NO;
				GCC_NO_COMMON_BLOCKS = YES;
				GCC_OPTIMIZATION_LEVEL = 0;
				GCC_PREPROCESSOR_DEFINITIONS = (
					"DEBUG=1",
					"$(inherited)",
				);
				GCC_WARN_64_TO_32_BIT_CONVERSION = YES;
				GCC_WARN_ABOUT_RETURN_TYPE = YES_ERROR;
				GCC_WARN_UNDECLARED_SELECTOR = YES;
				GCC_WARN_UNINITIALIZED_AUTOS = YES_AGGRESSIVE;
				GCC_WARN_UNUSED_FUNCTION = YES;
				GCC_WARN_UNUSED_VARIABLE = YES;
				IPHONEOS_DEPLOYMENT_TARGET = 16.0;
				MTL_ENABLE_DEBUG_INFO = INCLUDE_SOURCE;
				MTL_FAST_MATH = YES;
				ONLY_ACTIVE_ARCH = YES;
				SDKROOT = iphoneos;
				SWIFT_ACTIVE_COMPILATION_CONDITIONS = DEBUG;
				SWIFT_OPTIMIZATION_LEVEL = "-Onone";
			};
			name = Debug;
		};
		1D37960B2918C6F50056E602 /* Release */ = {
			isa = XCBuildConfiguration;
			buildSettings = {
				ALWAYS_SEARCH_USER_PATHS = NO;
				CLANG_ANALYZER_NONNULL = YES;
				CLANG_ANALYZER_NUMBER_OBJECT_CONVERSION = YES_AGGRESSIVE;
				CLANG_CXX_LANGUAGE_STANDARD = "gnu++20";
				CLANG_ENABLE_MODULES = YES;
				CLANG_ENABLE_OBJC_ARC = YES;
				CLANG_ENABLE_OBJC_WEAK = YES;
				CLANG_WARN_BLOCK_CAPTURE_AUTORELEASING = YES;
				CLANG_WARN_BOOL_CONVERSION = YES;
				CLANG_WARN_COMMA = YES;
				CLANG_WARN_CONSTANT_CONVERSION = YES;
				CLANG_WARN_DEPRECATED_OBJC_IMPLEMENTATIONS = YES;
				CLANG_WARN_DIRECT_OBJC_ISA_USAGE = YES_ERROR;
				CLANG_WARN_DOCUMENTATION_COMMENTS = YES;
				CLANG_WARN_EMPTY_BODY = YES;
				CLANG_WARN_ENUM_CONVERSION = YES;
				CLANG_WARN_INFINITE_RECURSION = YES;
				CLANG_WARN_INT_CONVERSION = YES;
				CLANG_WARN_NON_LITERAL_NULL_CONVERSION = YES;
				CLANG_WARN_OBJC_IMPLICIT_RETAIN_SELF = YES;
				CLANG_WARN_OBJC_LITERAL_CONVERSION = YES;
				CLANG_WARN_OBJC_ROOT_CLASS = YES_ERROR;
				CLANG_WARN_QUOTED_INCLUDE_IN_FRAMEWORK_HEADER = YES;
				CLANG_WARN_RANGE_LOOP_ANALYSIS = YES;
				CLANG_WARN_STRICT_PROTOTYPES = YES;
				CLANG_WARN_SUSPICIOUS_MOVE = YES;
				CLANG_WARN_UNGUARDED_AVAILABILITY = YES_AGGRESSIVE;
				CLANG_WARN_UNREACHABLE_CODE = YES;
				CLANG_WARN__DUPLICATE_METHOD_MATCH = YES;
				COPY_PHASE_STRIP = NO;
				DEBUG_INFORMATION_FORMAT = "dwarf-with-dsym";
				ENABLE_NS_ASSERTIONS = NO;
				ENABLE_STRICT_OBJC_MSGSEND = YES;
				GCC_C_LANGUAGE_STANDARD = gnu11;
				GCC_NO_COMMON_BLOCKS = YES;
				GCC_WARN_64_TO_32_BIT_CONVERSION = YES;
				GCC_WARN_ABOUT_RETURN_TYPE = YES_ERROR;
				GCC_WARN_UNDECLARED_SELECTOR = YES;
				GCC_WARN_UNINITIALIZED_AUTOS = YES_AGGRESSIVE;
				GCC_WARN_UNUSED_FUNCTION = YES;
				GCC_WARN_UNUSED_VARIABLE = YES;
				IPHONEOS_DEPLOYMENT_TARGET = 16.0;
				MTL_ENABLE_DEBUG_INFO = NO;
				MTL_FAST_MATH = YES;
				SDKROOT = iphoneos;
				SWIFT_COMPILATION_MODE = wholemodule;
				SWIFT_OPTIMIZATION_LEVEL = "-O";
				VALIDATE_PRODUCT = YES;
			};
			name = Release;
		};
		1D37960D2918C6F50056E602 /* Debug */ = {
			isa = XCBuildConfiguration;
			buildSettings = {
				ASSETCATALOG_COMPILER_APPICON_NAME = AppIcon;
				ASSETCATALOG_COMPILER_GLOBAL_ACCENT_COLOR_NAME = AccentColor;
				CODE_SIGN_STYLE = Automatic;
				CURRENT_PROJECT_VERSION = 1;
				DEVELOPMENT_ASSET_PATHS = "\"threecards/Preview Content\"";
				DEVELOPMENT_TEAM = U9E7JWZWR9;
				ENABLE_PREVIEWS = YES;
				GENERATE_INFOPLIST_FILE = YES;
				INFOPLIST_KEY_UIApplicationSceneManifest_Generation = YES;
				INFOPLIST_KEY_UIApplicationSupportsIndirectInputEvents = YES;
				INFOPLIST_KEY_UILaunchScreen_Generation = YES;
				INFOPLIST_KEY_UISupportedInterfaceOrientations = "UIInterfaceOrientationLandscapeLeft UIInterfaceOrientationLandscapeRight UIInterfaceOrientationPortrait";
				INFOPLIST_KEY_UISupportedInterfaceOrientations_iPad = "UIInterfaceOrientationLandscapeLeft UIInterfaceOrientationLandscapeRight UIInterfaceOrientationPortrait UIInterfaceOrientationPortraitUpsideDown";
				IPHONEOS_DEPLOYMENT_TARGET = 15.0;
				LD_RUNPATH_SEARCH_PATHS = (
					"$(inherited)",
					"@executable_path/Frameworks",
				);
				MARKETING_VERSION = 1.0;
				PRODUCT_BUNDLE_IDENTIFIER = "Peter-suwara.threecards";
				PRODUCT_NAME = "$(TARGET_NAME)";
				SWIFT_EMIT_LOC_STRINGS = YES;
				SWIFT_VERSION = 5.0;
				TARGETED_DEVICE_FAMILY = "1,2";
			};
			name = Debug;
		};
		1D37960E2918C6F50056E602 /* Release */ = {
			isa = XCBuildConfiguration;
			buildSettings = {
				ASSETCATALOG_COMPILER_APPICON_NAME = AppIcon;
				ASSETCATALOG_COMPILER_GLOBAL_ACCENT_COLOR_NAME = AccentColor;
				CODE_SIGN_STYLE = Automatic;
				CURRENT_PROJECT_VERSION = 1;
				DEVELOPMENT_ASSET_PATHS = "\"threecards/Preview Content\"";
				DEVELOPMENT_TEAM = U9E7JWZWR9;
				ENABLE_PREVIEWS = YES;
				GENERATE_INFOPLIST_FILE = YES;
				INFOPLIST_KEY_UIApplicationSceneManifest_Generation = YES;
				INFOPLIST_KEY_UIApplicationSupportsIndirectInputEvents = YES;
				INFOPLIST_KEY_UILaunchScreen_Generation = YES;
				INFOPLIST_KEY_UISupportedInterfaceOrientations = "UIInterfaceOrientationLandscapeLeft UIInterfaceOrientationLandscapeRight UIInterfaceOrientationPortrait";
				INFOPLIST_KEY_UISupportedInterfaceOrientations_iPad = "UIInterfaceOrientationLandscapeLeft UIInterfaceOrientationLandscapeRight UIInterfaceOrientationPortrait UIInterfaceOrientationPortraitUpsideDown";
				IPHONEOS_DEPLOYMENT_TARGET = 15.0;
				LD_RUNPATH_SEARCH_PATHS = (
					"$(inherited)",
					"@executable_path/Frameworks",
				);
				MARKETING_VERSION = 1.0;
				PRODUCT_BUNDLE_IDENTIFIER = "Peter-suwara.threecards";
				PRODUCT_NAME = "$(TARGET_NAME)";
				SWIFT_EMIT_LOC_STRINGS = YES;
				SWIFT_VERSION = 5.0;
				TARGETED_DEVICE_FAMILY = "1,2";
			};
			name = Release;
		};
		1D3796102918C6F50056E602 /* Debug */ = {
			isa = XCBuildConfiguration;
			buildSettings = {
				ALWAYS_EMBED_SWIFT_STANDARD_LIBRARIES = YES;
				BUNDLE_LOADER = "$(TEST_HOST)";
				CODE_SIGN_STYLE = Automatic;
				CURRENT_PROJECT_VERSION = 1;
				DEVELOPMENT_TEAM = U9E7JWZWR9;
				GENERATE_INFOPLIST_FILE = YES;
				IPHONEOS_DEPLOYMENT_TARGET = 16.0;
				MARKETING_VERSION = 1.0;
				PRODUCT_BUNDLE_IDENTIFIER = "Peter-suwara.threecardsTests";
				PRODUCT_NAME = "$(TARGET_NAME)";
				SWIFT_EMIT_LOC_STRINGS = NO;
				SWIFT_VERSION = 5.0;
				TARGETED_DEVICE_FAMILY = "1,2";
				TEST_HOST = "$(BUILT_PRODUCTS_DIR)/threecards.app/$(BUNDLE_EXECUTABLE_FOLDER_PATH)/threecards";
			};
			name = Debug;
		};
		1D3796112918C6F50056E602 /* Release */ = {
			isa = XCBuildConfiguration;
			buildSettings = {
				ALWAYS_EMBED_SWIFT_STANDARD_LIBRARIES = YES;
				BUNDLE_LOADER = "$(TEST_HOST)";
				CODE_SIGN_STYLE = Automatic;
				CURRENT_PROJECT_VERSION = 1;
				DEVELOPMENT_TEAM = U9E7JWZWR9;
				GENERATE_INFOPLIST_FILE = YES;
				IPHONEOS_DEPLOYMENT_TARGET = 16.0;
				MARKETING_VERSION = 1.0;
				PRODUCT_BUNDLE_IDENTIFIER = "Peter-suwara.threecardsTests";
				PRODUCT_NAME = "$(TARGET_NAME)";
				SWIFT_EMIT_LOC_STRINGS = NO;
				SWIFT_VERSION = 5.0;
				TARGETED_DEVICE_FAMILY = "1,2";
				TEST_HOST = "$(BUILT_PRODUCTS_DIR)/threecards.app/$(BUNDLE_EXECUTABLE_FOLDER_PATH)/threecards";
			};
			name = Release;
		};
		1D3796132918C6F50056E602 /* Debug */ = {
			isa = XCBuildConfiguration;
			buildSettings = {
				ALWAYS_EMBED_SWIFT_STANDARD_LIBRARIES = YES;
				CODE_SIGN_STYLE = Automatic;
				CURRENT_PROJECT_VERSION = 1;
				DEVELOPMENT_TEAM = U9E7JWZWR9;
				GENERATE_INFOPLIST_FILE = YES;
				MARKETING_VERSION = 1.0;
				PRODUCT_BUNDLE_IDENTIFIER = "Peter-suwara.threecardsUITests";
				PRODUCT_NAME = "$(TARGET_NAME)";
				SWIFT_EMIT_LOC_STRINGS = NO;
				SWIFT_VERSION = 5.0;
				TARGETED_DEVICE_FAMILY = "1,2";
				TEST_TARGET_NAME = threecards;
			};
			name = Debug;
		};
		1D3796142918C6F50056E602 /* Release */ = {
			isa = XCBuildConfiguration;
			buildSettings = {
				ALWAYS_EMBED_SWIFT_STANDARD_LIBRARIES = YES;
				CODE_SIGN_STYLE = Automatic;
				CURRENT_PROJECT_VERSION = 1;
				DEVELOPMENT_TEAM = U9E7JWZWR9;
				GENERATE_INFOPLIST_FILE = YES;
				MARKETING_VERSION = 1.0;
				PRODUCT_BUNDLE_IDENTIFIER = "Peter-suwara.threecardsUITests";
				PRODUCT_NAME = "$(TARGET_NAME)";
				SWIFT_EMIT_LOC_STRINGS = NO;
				SWIFT_VERSION = 5.0;
				TARGETED_DEVICE_FAMILY = "1,2";
				TEST_TARGET_NAME = threecards;
			};
			name = Release;
		};
/* End XCBuildConfiguration section */

/* Begin XCConfigurationList section */
		1D3795E32918C6F40056E602 /* Build configuration list for PBXProject "threecards" */ = {
			isa = XCConfigurationList;
			buildConfigurations = (
				1D37960A2918C6F50056E602 /* Debug */,
				1D37960B2918C6F50056E602 /* Release */,
			);
			defaultConfigurationIsVisible = 0;
			defaultConfigurationName = Release;
		};
		1D37960C2918C6F50056E602 /* Build configuration list for PBXNativeTarget "threecards" */ = {
			isa = XCConfigurationList;
			buildConfigurations = (
				1D37960D2918C6F50056E602 /* Debug */,
				1D37960E2918C6F50056E602 /* Release */,
			);
			defaultConfigurationIsVisible = 0;
			defaultConfigurationName = Release;
		};
		1D37960F2918C6F50056E602 /* Build configuration list for PBXNativeTarget "threecardsTests" */ = {
			isa = XCConfigurationList;
			buildConfigurations = (
				1D3796102918C6F50056E602 /* Debug */,
				1D3796112918C6F50056E602 /* Release */,
			);
			defaultConfigurationIsVisible = 0;
			defaultConfigurationName = Release;
		};
		1D3796122918C6F50056E602 /* Build configuration list for PBXNativeTarget "threecardsUITests" */ = {
			isa = XCConfigurationList;
			buildConfigurations = (
				1D3796132918C6F50056E602 /* Debug */,
				1D3796142918C6F50056E602 /* Release */,
			);
			defaultConfigurationIsVisible = 0;
			defaultConfigurationName = Release;
		};
/* End XCConfigurationList section */
	};
	rootObject = 1D3795E02918C6F40056E602 /* Project object */;
}
